
Microsoft Visual Studio Solution File, Format Version 12.00
# Visual Studio Version 16
VisualStudioVersion = 16.0.31729.503
MinimumVisualStudioVersion = 10.0.40219.1
Project("{FAE04EC0-301F-11D3-BF4B-00C04F79EFBC}") = "Exercicio1", "Exercicio1.csproj", "{785DA069-26BD-4627-9C7B-DA3A7F3B5751}"
EndProject
Global
	GlobalSection(SolutionConfigurationPlatforms) = preSolution
		Debug|Any CPU = Debug|Any CPU
		Release|Any CPU = Release|Any CPU
	EndGlobalSection
	GlobalSection(ProjectConfigurationPlatforms) = postSolution
		{785DA069-26BD-4627-9C7B-DA3A7F3B5751}.Debug|Any CPU.ActiveCfg = Debug|Any CPU
		{785DA069-26BD-4627-9C7B-DA3A7F3B5751}.Debug|Any CPU.Build.0 = Debug|Any CPU
		{785DA069-26BD-4627-9C7B-DA3A7F3B5751}.Release|Any CPU.ActiveCfg = Release|Any CPU
		{785DA069-26BD-4627-9C7B-DA3A7F3B5751}.Release|Any CPU.Build.0 = Release|Any CPU
	EndGlobalSection
	GlobalSection(SolutionProperties) = preSolution
		HideSolutionNode = FALSE
	EndGlobalSection
	GlobalSection(ExtensibilityGlobals) = postSolution
		SolutionGuid = {851557E7-D5D0-4741-B961-17165F230526}
	EndGlobalSection
EndGlobal
